// !$*UTF8*$!
{
	archiveVersion = 1;
	classes = {
	};
	objectVersion = 55;
	objects = {

/* Begin PBXBuildFile section */
		54AECC72284B9CF700A48938 /* AppDelegate.swift in Sources */ = {isa = PBXBuildFile; fileRef = 54AECC71284B9CF700A48938 /* AppDelegate.swift */; };
		54AECC74284B9CF700A48938 /* SceneDelegate.swift in Sources */ = {isa = PBXBuildFile; fileRef = 54AECC73284B9CF700A48938 /* SceneDelegate.swift */; };
		54AECC76284B9CF700A48938 /* HomeVC.swift in Sources */ = {isa = PBXBuildFile; fileRef = 54AECC75284B9CF700A48938 /* HomeVC.swift */; };
		54AECC79284B9CF700A48938 /* Main.storyboard in Resources */ = {isa = PBXBuildFile; fileRef = 54AECC77284B9CF700A48938 /* Main.storyboard */; };
		54AECC7C284B9CF700A48938 /* weak_Strong_Unowned.xcdatamodeld in Sources */ = {isa = PBXBuildFile; fileRef = 54AECC7A284B9CF700A48938 /* weak_Strong_Unowned.xcdatamodeld */; };
		54AECC7E284B9CFA00A48938 /* Assets.xcassets in Resources */ = {isa = PBXBuildFile; fileRef = 54AECC7D284B9CFA00A48938 /* Assets.xcassets */; };
		54AECC81284B9CFA00A48938 /* LaunchScreen.storyboard in Resources */ = {isa = PBXBuildFile; fileRef = 54AECC7F284B9CFA00A48938 /* LaunchScreen.storyboard */; };
		54AECC89284B9DAC00A48938 /* SecondVC.swift in Sources */ = {isa = PBXBuildFile; fileRef = 54AECC88284B9DAC00A48938 /* SecondVC.swift */; };
/* End PBXBuildFile section */

/* Begin PBXFileReference section */
		540789462887E69A00209D0E /* weak,Strong,Unowned.entitlements */ = {isa = PBXFileReference; lastKnownFileType = text.plist.entitlements; path = "weak,Strong,Unowned.entitlements"; sourceTree = "<group>"; };
		54AECC6E284B9CF700A48938 /* weak,Strong,Unowned.app */ = {isa = PBXFileReference; explicitFileType = wrapper.application; includeInIndex = 0; path = "weak,Strong,Unowned.app"; sourceTree = BUILT_PRODUCTS_DIR; };
		54AECC71284B9CF700A48938 /* AppDelegate.swift */ = {isa = PBXFileReference; lastKnownFileType = sourcecode.swift; path = AppDelegate.swift; sourceTree = "<group>"; };
		54AECC73284B9CF700A48938 /* SceneDelegate.swift */ = {isa = PBXFileReference; lastKnownFileType = sourcecode.swift; path = SceneDelegate.swift; sourceTree = "<group>"; };
		54AECC75284B9CF700A48938 /* HomeVC.swift */ = {isa = PBXFileReference; lastKnownFileType = sourcecode.swift; path = HomeVC.swift; sourceTree = "<group>"; };
		54AECC78284B9CF700A48938 /* Base */ = {isa = PBXFileReference; lastKnownFileType = file.storyboard; name = Base; path = Base.lproj/Main.storyboard; sourceTree = "<group>"; };
		54AECC7B284B9CF700A48938 /* weak_Strong_Unowned.xcdatamodel */ = {isa = PBXFileReference; lastKnownFileType = wrapper.xcdatamodel; path = weak_Strong_Unowned.xcdatamodel; sourceTree = "<group>"; };
		54AECC7D284B9CFA00A48938 /* Assets.xcassets */ = {isa = PBXFileReference; lastKnownFileType = folder.assetcatalog; path = Assets.xcassets; sourceTree = "<group>"; };
		54AECC80284B9CFA00A48938 /* Base */ = {isa = PBXFileReference; lastKnownFileType = file.storyboard; name = Base; path = Base.lproj/LaunchScreen.storyboard; sourceTree = "<group>"; };
		54AECC82284B9CFA00A48938 /* Info.plist */ = {isa = PBXFileReference; lastKnownFileType = text.plist.xml; path = Info.plist; sourceTree = "<group>"; };
		54AECC88284B9DAC00A48938 /* SecondVC.swift */ = {isa = PBXFileReference; lastKnownFileType = sourcecode.swift; path = SecondVC.swift; sourceTree = "<group>"; };
/* End PBXFileReference section */

/* Begin PBXFrameworksBuildPhase section */
		54AECC6B284B9CF700A48938 /* Frameworks */ = {
			isa = PBXFrameworksBuildPhase;
			buildActionMask = 2147483647;
			files = (
			);
			runOnlyForDeploymentPostprocessing = 0;
		};
/* End PBXFrameworksBuildPhase section */

/* Begin PBXGroup section */
		54AECC65284B9CF700A48938 = {
			isa = PBXGroup;
			children = (
				54AECC70284B9CF700A48938 /* weak,Strong,Unowned */,
				54AECC6F284B9CF700A48938 /* Products */,
			);
			sourceTree = "<group>";
		};
		54AECC6F284B9CF700A48938 /* Products */ = {
			isa = PBXGroup;
			children = (
				54AECC6E284B9CF700A48938 /* weak,Strong,Unowned.app */,
			);
			name = Products;
			sourceTree = "<group>";
		};
		54AECC70284B9CF700A48938 /* weak,Strong,Unowned */ = {
			isa = PBXGroup;
			children = (
				540789462887E69A00209D0E /* weak,Strong,Unowned.entitlements */,
				54AECC71284B9CF700A48938 /* AppDelegate.swift */,
				54AECC73284B9CF700A48938 /* SceneDelegate.swift */,
				54AECC75284B9CF700A48938 /* HomeVC.swift */,
				54AECC88284B9DAC00A48938 /* SecondVC.swift */,
				54AECC77284B9CF700A48938 /* Main.storyboard */,
				54AECC7D284B9CFA00A48938 /* Assets.xcassets */,
				54AECC7F284B9CFA00A48938 /* LaunchScreen.storyboard */,
				54AECC82284B9CFA00A48938 /* Info.plist */,
				54AECC7A284B9CF700A48938 /* weak_Strong_Unowned.xcdatamodeld */,
			);
			path = "weak,Strong,Unowned";
			sourceTree = "<group>";
		};
/* End PBXGroup section */

/* Begin PBXNativeTarget section */
		54AECC6D284B9CF700A48938 /* weak,Strong,Unowned */ = {
			isa = PBXNativeTarget;
			buildConfigurationList = 54AECC85284B9CFA00A48938 /* Build configuration list for PBXNativeTarget "weak,Strong,Unowned" */;
			buildPhases = (
				54AECC6A284B9CF700A48938 /* Sources */,
				54AECC6B284B9CF700A48938 /* Frameworks */,
				54AECC6C284B9CF700A48938 /* Resources */,
			);
			buildRules = (
			);
			dependencies = (
			);
			name = "weak,Strong,Unowned";
			productName = "weak,Strong,Unowned";
			productReference = 54AECC6E284B9CF700A48938 /* weak,Strong,Unowned.app */;
			productType = "com.apple.product-type.application";
		};
/* End PBXNativeTarget section */

/* Begin PBXProject section */
		54AECC66284B9CF700A48938 /* Project object */ = {
			isa = PBXProject;
			attributes = {
				BuildIndependentTargetsInParallel = 1;
				LastSwiftUpdateCheck = 1340;
				LastUpgradeCheck = 1340;
				TargetAttributes = {
					54AECC6D284B9CF700A48938 = {
						CreatedOnToolsVersion = 13.4;
					};
				};
			};
			buildConfigurationList = 54AECC69284B9CF700A48938 /* Build configuration list for PBXProject "weak,Strong,Unowned" */;
			compatibilityVersion = "Xcode 13.0";
			developmentRegion = en;
			hasScannedForEncodings = 0;
			knownRegions = (
				en,
				Base,
			);
			mainGroup = 54AECC65284B9CF700A48938;
			productRefGroup = 54AECC6F284B9CF700A48938 /* Products */;
			projectDirPath = "";
			projectRoot = "";
			targets = (
				54AECC6D284B9CF700A48938 /* weak,Strong,Unowned */,
			);
		};
/* End PBXProject section */

/* Begin PBXResourcesBuildPhase section */
		54AECC6C284B9CF700A48938 /* Resources */ = {
			isa = PBXResourcesBuildPhase;
			buildActionMask = 2147483647;
			files = (
				54AECC81284B9CFA00A48938 /* LaunchScreen.storyboard in Resources */,
				54AECC7E284B9CFA00A48938 /* Assets.xcassets in Resources */,
				54AECC79284B9CF700A48938 /* Main.storyboard in Resources */,
			);
			runOnlyForDeploymentPostprocessing = 0;
		};
/* End PBXResourcesBuildPhase section */

/* Begin PBXSourcesBuildPhase section */
		54AECC6A284B9CF700A48938 /* Sources */ = {
			isa = PBXSourcesBuildPhase;
			buildActionMask = 2147483647;
			files = (
				54AECC76284B9CF700A48938 /* HomeVC.swift in Sources */,
				54AECC89284B9DAC00A48938 /* SecondVC.swift in Sources */,
				54AECC72284B9CF700A48938 /* AppDelegate.swift in Sources */,
				54AECC7C284B9CF700A48938 /* weak_Strong_Unowned.xcdatamodeld in Sources */,
				54AECC74284B9CF700A48938 /* SceneDelegate.swift in Sources */,
			);
			runOnlyForDeploymentPostprocessing = 0;
		};
/* End PBXSourcesBuildPhase section */

/* Begin PBXVariantGroup section */
		54AECC77284B9CF700A48938 /* Main.storyboard */ = {
			isa = PBXVariantGroup;
			children = (
				54AECC78284B9CF700A48938 /* Base */,
			);
			name = Main.storyboard;
			sourceTree = "<group>";
		};
		54AECC7F284B9CFA00A48938 /* LaunchScreen.storyboard */ = {
			isa = PBXVariantGroup;
			children = (
				54AECC80284B9CFA00A48938 /* Base */,
			);
			name = LaunchScreen.storyboard;
			sourceTree = "<group>";
		};
/* End PBXVariantGroup section */

/* Begin XCBuildConfiguration section */
		54AECC83284B9CFA00A48938 /* Debug */ = {
			isa = XCBuildConfiguration;
			buildSettings = {
				ALWAYS_SEARCH_USER_PATHS = NO;
				CLANG_ANALYZER_NONNULL = YES;
				CLANG_ANALYZER_NUMBER_OBJECT_CONVERSION = YES_AGGRESSIVE;
				CLANG_CXX_LANGUAGE_STANDARD = "gnu++17";
				CLANG_ENABLE_MODULES = YES;
				CLANG_ENABLE_OBJC_ARC = YES;
				CLANG_ENABLE_OBJC_WEAK = YES;
				CLANG_WARN_BLOCK_CAPTURE_AUTORELEASING = YES;
				CLANG_WARN_BOOL_CONVERSION = YES;
				CLANG_WARN_COMMA = YES;
				CLANG_WARN_CONSTANT_CONVERSION = YES;
				CLANG_WARN_DEPRECATED_OBJC_IMPLEMENTATIONS = YES;
				CLANG_WARN_DIRECT_OBJC_ISA_USAGE = YES_ERROR;
				CLANG_WARN_DOCUMENTATION_COMMENTS = YES;
				CLANG_WARN_EMPTY_BODY = YES;
				CLANG_WARN_ENUM_CONVERSION = YES;
				CLANG_WARN_INFINITE_RECURSION = YES;
				CLANG_WARN_INT_CONVERSION = YES;
				CLANG_WARN_NON_LITERAL_NULL_CONVERSION = YES;
				CLANG_WARN_OBJC_IMPLICIT_RETAIN_SELF = YES;
				CLANG_WARN_OBJC_LITERAL_CONVERSION = YES;
				CLANG_WARN_OBJC_ROOT_CLASS = YES_ERROR;
				CLANG_WARN_QUOTED_INCLUDE_IN_FRAMEWORK_HEADER = YES;
				CLANG_WARN_RANGE_LOOP_ANALYSIS = YES;
				CLANG_WARN_STRICT_PROTOTYPES = YES;
				CLANG_WARN_SUSPICIOUS_MOVE = YES;
				CLANG_WARN_UNGUARDED_AVAILABILITY = YES_AGGRESSIVE;
				CLANG_WARN_UNREACHABLE_CODE = YES;
				CLANG_WARN__DUPLICATE_METHOD_MATCH = YES;
				COPY_PHASE_STRIP = NO;
				DEBUG_INFORMATION_FORMAT = dwarf;
				ENABLE_STRICT_OBJC_MSGSEND = YES;
				ENABLE_TESTABILITY = YES;
				GCC_C_LANGUAGE_STANDARD = gnu11;
				GCC_DYNAMIC_NO_PIC = NO;
				GCC_NO_COMMON_BLOCKS = YES;
				GCC_OPTIMIZATION_LEVEL = 0;
				GCC_PREPROCESSOR_DEFINITIONS = (
					"DEBUG=1",
					"$(inherited)",
				);
				GCC_WARN_64_TO_32_BIT_CONVERSION = YES;
				GCC_WARN_ABOUT_RETURN_TYPE = YES_ERROR;
				GCC_WARN_UNDECLARED_SELECTOR = YES;
				GCC_WARN_UNINITIALIZED_AUTOS = YES_AGGRESSIVE;
				GCC_WARN_UNUSED_FUNCTION = YES;
				GCC_WARN_UNUSED_VARIABLE = YES;
				IPHONEOS_DEPLOYMENT_TARGET = 15.5;
				MTL_ENABLE_DEBUG_INFO = INCLUDE_SOURCE;
				MTL_FAST_MATH = YES;
				ONLY_ACTIVE_ARCH = YES;
				SDKROOT = iphoneos;
				SWIFT_ACTIVE_COMPILATION_CONDITIONS = DEBUG;
				SWIFT_OPTIMIZATION_LEVEL = "-Onone";
			};
			name = Debug;
		};
		54AECC84284B9CFA00A48938 /* Release */ = {
			isa = XCBuildConfiguration;
			buildSettings = {
				ALWAYS_SEARCH_USER_PATHS = NO;
				CLANG_ANALYZER_NONNULL = YES;
				CLANG_ANALYZER_NUMBER_OBJECT_CONVERSION = YES_AGGRESSIVE;
				CLANG_CXX_LANGUAGE_STANDARD = "gnu++17";
				CLANG_ENABLE_MODULES = YES;
				CLANG_ENABLE_OBJC_ARC = YES;
				CLANG_ENABLE_OBJC_WEAK = YES;
				CLANG_WARN_BLOCK_CAPTURE_AUTORELEASING = YES;
				CLANG_WARN_BOOL_CONVERSION = YES;
				CLANG_WARN_COMMA = YES;
				CLANG_WARN_CONSTANT_CONVERSION = YES;
				CLANG_WARN_DEPRECATED_OBJC_IMPLEMENTATIONS = YES;
				CLANG_WARN_DIRECT_OBJC_ISA_USAGE = YES_ERROR;
				CLANG_WARN_DOCUMENTATION_COMMENTS = YES;
				CLANG_WARN_EMPTY_BODY = YES;
				CLANG_WARN_ENUM_CONVERSION = YES;
				CLANG_WARN_INFINITE_RECURSION = YES;
				CLANG_WARN_INT_CONVERSION = YES;
				CLANG_WARN_NON_LITERAL_NULL_CONVERSION = YES;
				CLANG_WARN_OBJC_IMPLICIT_RETAIN_SELF = YES;
				CLANG_WARN_OBJC_LITERAL_CONVERSION = YES;
				CLANG_WARN_OBJC_ROOT_CLASS = YES_ERROR;
				CLANG_WARN_QUOTED_INCLUDE_IN_FRAMEWORK_HEADER = YES;
				CLANG_WARN_RANGE_LOOP_ANALYSIS = YES;
				CLANG_WARN_STRICT_PROTOTYPES = YES;
				CLANG_WARN_SUSPICIOUS_MOVE = YES;
				CLANG_WARN_UNGUARDED_AVAILABILITY = YES_AGGRESSIVE;
				CLANG_WARN_UNREACHABLE_CODE = YES;
				CLANG_WARN__DUPLICATE_METHOD_MATCH = YES;
				COPY_PHASE_STRIP = NO;
				DEBUG_INFORMATION_FORMAT = "dwarf-with-dsym";
				ENABLE_NS_ASSERTIONS = NO;
				ENABLE_STRICT_OBJC_MSGSEND = YES;
				GCC_C_LANGUAGE_STANDARD = gnu11;
				GCC_NO_COMMON_BLOCKS = YES;
				GCC_WARN_64_TO_32_BIT_CONVERSION = YES;
				GCC_WARN_ABOUT_RETURN_TYPE = YES_ERROR;
				GCC_WARN_UNDECLARED_SELECTOR = YES;
				GCC_WARN_UNINITIALIZED_AUTOS = YES_AGGRESSIVE;
				GCC_WARN_UNUSED_FUNCTION = YES;
				GCC_WARN_UNUSED_VARIABLE = YES;
				IPHONEOS_DEPLOYMENT_TARGET = 15.5;
				MTL_ENABLE_DEBUG_INFO = NO;
				MTL_FAST_MATH = YES;
				SDKROOT = iphoneos;
				SWIFT_COMPILATION_MODE = wholemodule;
				SWIFT_OPTIMIZATION_LEVEL = "-O";
				VALIDATE_PRODUCT = YES;
			};
			name = Release;
		};
		54AECC86284B9CFA00A48938 /* Debug */ = {
			isa = XCBuildConfiguration;
			buildSettings = {
				ASSETCATALOG_COMPILER_APPICON_NAME = AppIcon;
				ASSETCATALOG_COMPILER_GLOBAL_ACCENT_COLOR_NAME = AccentColor;
				CODE_SIGN_ENTITLEMENTS = "weak,Strong,Unowned/weak,Strong,Unowned.entitlements";
				CODE_SIGN_STYLE = Automatic;
				CURRENT_PROJECT_VERSION = 1;
				DEVELOPMENT_TEAM = 3J28B4D24L;
				GENERATE_INFOPLIST_FILE = YES;
				INFOPLIST_FILE = "weak,Strong,Unowned/Info.plist";
				INFOPLIST_KEY_UIApplicationSupportsIndirectInputEvents = YES;
				INFOPLIST_KEY_UILaunchStoryboardName = LaunchScreen;
				INFOPLIST_KEY_UIMainStoryboardFile = Main;
				INFOPLIST_KEY_UISupportedInterfaceOrientations_iPad = "UIInterfaceOrientationPortrait UIInterfaceOrientationPortraitUpsideDown UIInterfaceOrientationLandscapeLeft UIInterfaceOrientationLandscapeRight";
				INFOPLIST_KEY_UISupportedInterfaceOrientations_iPhone = "UIInterfaceOrientationPortrait UIInterfaceOrientationLandscapeLeft UIInterfaceOrientationLandscapeRight";
				LD_RUNPATH_SEARCH_PATHS = (
					"$(inherited)",
					"@executable_path/Frameworks",
				);
				MARKETING_VERSION = 1.0;
				PRODUCT_BUNDLE_IDENTIFIER = "Prakash.weak-Strong-Unowned";
				PRODUCT_NAME = "$(TARGET_NAME)";
				SWIFT_EMIT_LOC_STRINGS = YES;
				SWIFT_VERSION = 5.0;
				TARGETED_DEVICE_FAMILY = "1,2";
			};
			name = Debug;
		};
		54AECC87284B9CFA00A48938 /* Release */ = {
			isa = XCBuildConfiguration;
			buildSettings = {
				ASSETCATALOG_COMPILER_APPICON_NAME = AppIcon;
				ASSETCATALOG_COMPILER_GLOBAL_ACCENT_COLOR_NAME = AccentColor;
				CODE_SIGN_ENTITLEMENTS = "weak,Strong,Unowned/weak,Strong,Unowned.entitlements";
				CODE_SIGN_STYLE = Automatic;
				CURRENT_PROJECT_VERSION = 1;
				DEVELOPMENT_TEAM = 3J28B4D24L;
				GENERATE_INFOPLIST_FILE = YES;
				INFOPLIST_FILE = "weak,Strong,Unowned/Info.plist";
				INFOPLIST_KEY_UIApplicationSupportsIndirectInputEvents = YES;
				INFOPLIST_KEY_UILaunchStoryboardName = LaunchScreen;
				INFOPLIST_KEY_UIMainStoryboardFile = Main;
				INFOPLIST_KEY_UISupportedInterfaceOrientations_iPad = "UIInterfaceOrientationPortrait UIInterfaceOrientationPortraitUpsideDown UIInterfaceOrientationLandscapeLeft UIInterfaceOrientationLandscapeRight";
				INFOPLIST_KEY_UISupportedInterfaceOrientations_iPhone = "UIInterfaceOrientationPortrait UIInterfaceOrientationLandscapeLeft UIInterfaceOrientationLandscapeRight";
				LD_RUNPATH_SEARCH_PATHS = (
					"$(inherited)",
					"@executable_path/Frameworks",
				);
				MARKETING_VERSION = 1.0;
				PRODUCT_BUNDLE_IDENTIFIER = "Prakash.weak-Strong-Unowned";
				PRODUCT_NAME = "$(TARGET_NAME)";
				SWIFT_EMIT_LOC_STRINGS = YES;
				SWIFT_VERSION = 5.0;
				TARGETED_DEVICE_FAMILY = "1,2";
			};
			name = Release;
		};
/* End XCBuildConfiguration section */

/* Begin XCConfigurationList section */
		54AECC69284B9CF700A48938 /* Build configuration list for PBXProject "weak,Strong,Unowned" */ = {
			isa = XCConfigurationList;
			buildConfigurations = (
				54AECC83284B9CFA00A48938 /* Debug */,
				54AECC84284B9CFA00A48938 /* Release */,
			);
			defaultConfigurationIsVisible = 0;
			defaultConfigurationName = Release;
		};
		54AECC85284B9CFA00A48938 /* Build configuration list for PBXNativeTarget "weak,Strong,Unowned" */ = {
			isa = XCConfigurationList;
			buildConfigurations = (
				54AECC86284B9CFA00A48938 /* Debug */,
				54AECC87284B9CFA00A48938 /* Release */,
			);
			defaultConfigurationIsVisible = 0;
			defaultConfigurationName = Release;
		};
/* End XCConfigurationList section */

/* Begin XCVersionGroup section */
		54AECC7A284B9CF700A48938 /* weak_Strong_Unowned.xcdatamodeld */ = {
			isa = XCVersionGroup;
			children = (
				54AECC7B284B9CF700A48938 /* weak_Strong_Unowned.xcdatamodel */,
			);
			currentVersion = 54AECC7B284B9CF700A48938 /* weak_Strong_Unowned.xcdatamodel */;
			path = weak_Strong_Unowned.xcdatamodeld;
			sourceTree = "<group>";
			versionGroupType = wrapper.xcdatamodel;
		};
/* End XCVersionGroup section */
	};
	rootObject = 54AECC66284B9CF700A48938 /* Project object */;
}
